// !$*UTF8*$!
{
	archiveVersion = 1;
	classes = {
	};
	objectVersion = 56;
	objects = {

/* Begin PBXBuildFile section */
		A71ED74F2AFC1CB200680632 /* DogWeLoveApp.swift in Sources */ = {isa = PBXBuildFile; fileRef = A71ED74E2AFC1CB200680632 /* DogWeLoveApp.swift */; };
		A71ED7512AFC1CB200680632 /* ContentView.swift in Sources */ = {isa = PBXBuildFile; fileRef = A71ED7502AFC1CB200680632 /* ContentView.swift */; };
		A71ED7532AFC1CB300680632 /* Assets.xcassets in Resources */ = {isa = PBXBuildFile; fileRef = A71ED7522AFC1CB300680632 /* Assets.xcassets */; };
		A71ED7562AFC1CB300680632 /* Preview Assets.xcassets in Resources */ = {isa = PBXBuildFile; fileRef = A71ED7552AFC1CB300680632 /* Preview Assets.xcassets */; };
		A71ED7602AFC1CB300680632 /* DogWeLoveTests.swift in Sources */ = {isa = PBXBuildFile; fileRef = A71ED75F2AFC1CB300680632 /* DogWeLoveTests.swift */; };
		A71ED77A2AFC24F900680632 /* DogCell.swift in Sources */ = {isa = PBXBuildFile; fileRef = A71ED7792AFC24F900680632 /* DogCell.swift */; };
		A71ED77D2AFC3EC300680632 /* DogData.swift in Sources */ = {isa = PBXBuildFile; fileRef = A71ED77C2AFC3EC300680632 /* DogData.swift */; };
		A71ED77F2AFCDB3700680632 /* DogList.swift in Sources */ = {isa = PBXBuildFile; fileRef = A71ED77E2AFCDB3700680632 /* DogList.swift */; };
		A71ED7812AFCF50D00680632 /* DogDetail.swift in Sources */ = {isa = PBXBuildFile; fileRef = A71ED7802AFCF50D00680632 /* DogDetail.swift */; };
		A71ED7842AFCF9CB00680632 /* APIManager.swift in Sources */ = {isa = PBXBuildFile; fileRef = A71ED7832AFCF9CB00680632 /* APIManager.swift */; };
		A71ED7872AFD06B500680632 /* Dogs.xcdatamodeld in Sources */ = {isa = PBXBuildFile; fileRef = A71ED7852AFD06B500680632 /* Dogs.xcdatamodeld */; };
		A796B9CE2AFE446D00FDD15F /* DataManager.swift in Sources */ = {isa = PBXBuildFile; fileRef = A796B9CD2AFE446D00FDD15F /* DataManager.swift */; };
		A796B9D02AFE490B00FDD15F /* Helpers.swift in Sources */ = {isa = PBXBuildFile; fileRef = A796B9CF2AFE490B00FDD15F /* Helpers.swift */; };
/* End PBXBuildFile section */

/* Begin PBXContainerItemProxy section */
		A71ED75C2AFC1CB300680632 /* PBXContainerItemProxy */ = {
			isa = PBXContainerItemProxy;
			containerPortal = A71ED7432AFC1CB200680632 /* Project object */;
			proxyType = 1;
			remoteGlobalIDString = A71ED74A2AFC1CB200680632;
			remoteInfo = DogWeLove;
		};
		A71ED7662AFC1CB300680632 /* PBXContainerItemProxy */ = {
			isa = PBXContainerItemProxy;
			containerPortal = A71ED7432AFC1CB200680632 /* Project object */;
			proxyType = 1;
			remoteGlobalIDString = A71ED74A2AFC1CB200680632;
			remoteInfo = DogWeLove;
		};
/* End PBXContainerItemProxy section */

/* Begin PBXFileReference section */
		A71ED74B2AFC1CB200680632 /* DogsWeLove.app */ = {isa = PBXFileReference; explicitFileType = wrapper.application; includeInIndex = 0; path = DogsWeLove.app; sourceTree = BUILT_PRODUCTS_DIR; };
		A71ED74E2AFC1CB200680632 /* DogWeLoveApp.swift */ = {isa = PBXFileReference; lastKnownFileType = sourcecode.swift; path = DogWeLoveApp.swift; sourceTree = "<group>"; };
		A71ED7502AFC1CB200680632 /* ContentView.swift */ = {isa = PBXFileReference; lastKnownFileType = sourcecode.swift; path = ContentView.swift; sourceTree = "<group>"; };
		A71ED7522AFC1CB300680632 /* Assets.xcassets */ = {isa = PBXFileReference; lastKnownFileType = folder.assetcatalog; path = Assets.xcassets; sourceTree = "<group>"; };
		A71ED7552AFC1CB300680632 /* Preview Assets.xcassets */ = {isa = PBXFileReference; lastKnownFileType = folder.assetcatalog; path = "Preview Assets.xcassets"; sourceTree = "<group>"; };
		A71ED75B2AFC1CB300680632 /* DogsWeLoveTests.xctest */ = {isa = PBXFileReference; explicitFileType = wrapper.cfbundle; includeInIndex = 0; path = DogsWeLoveTests.xctest; sourceTree = BUILT_PRODUCTS_DIR; };
		A71ED75F2AFC1CB300680632 /* DogWeLoveTests.swift */ = {isa = PBXFileReference; lastKnownFileType = sourcecode.swift; path = DogWeLoveTests.swift; sourceTree = "<group>"; };
		A71ED7652AFC1CB300680632 /* DogsWeLoveUITests.xctest */ = {isa = PBXFileReference; explicitFileType = wrapper.cfbundle; includeInIndex = 0; path = DogsWeLoveUITests.xctest; sourceTree = BUILT_PRODUCTS_DIR; };
		A71ED7792AFC24F900680632 /* DogCell.swift */ = {isa = PBXFileReference; lastKnownFileType = sourcecode.swift; path = DogCell.swift; sourceTree = "<group>"; };
		A71ED77C2AFC3EC300680632 /* DogData.swift */ = {isa = PBXFileReference; lastKnownFileType = sourcecode.swift; path = DogData.swift; sourceTree = "<group>"; };
		A71ED77E2AFCDB3700680632 /* DogList.swift */ = {isa = PBXFileReference; lastKnownFileType = sourcecode.swift; path = DogList.swift; sourceTree = "<group>"; };
		A71ED7802AFCF50D00680632 /* DogDetail.swift */ = {isa = PBXFileReference; lastKnownFileType = sourcecode.swift; path = DogDetail.swift; sourceTree = "<group>"; };
		A71ED7832AFCF9CB00680632 /* APIManager.swift */ = {isa = PBXFileReference; lastKnownFileType = sourcecode.swift; path = APIManager.swift; sourceTree = "<group>"; };
		A71ED7862AFD06B500680632 /* Dogs.xcdatamodel */ = {isa = PBXFileReference; lastKnownFileType = wrapper.xcdatamodel; path = Dogs.xcdatamodel; sourceTree = "<group>"; };
		A796B9CD2AFE446D00FDD15F /* DataManager.swift */ = {isa = PBXFileReference; lastKnownFileType = sourcecode.swift; path = DataManager.swift; sourceTree = "<group>"; };
		A796B9CF2AFE490B00FDD15F /* Helpers.swift */ = {isa = PBXFileReference; lastKnownFileType = sourcecode.swift; path = Helpers.swift; sourceTree = "<group>"; };
/* End PBXFileReference section */

/* Begin PBXFrameworksBuildPhase section */
		A71ED7482AFC1CB200680632 /* Frameworks */ = {
			isa = PBXFrameworksBuildPhase;
			buildActionMask = 2147483647;
			files = (
			);
			runOnlyForDeploymentPostprocessing = 0;
		};
		A71ED7582AFC1CB300680632 /* Frameworks */ = {
			isa = PBXFrameworksBuildPhase;
			buildActionMask = 2147483647;
			files = (
			);
			runOnlyForDeploymentPostprocessing = 0;
		};
		A71ED7622AFC1CB300680632 /* Frameworks */ = {
			isa = PBXFrameworksBuildPhase;
			buildActionMask = 2147483647;
			files = (
			);
			runOnlyForDeploymentPostprocessing = 0;
		};
/* End PBXFrameworksBuildPhase section */

/* Begin PBXGroup section */
		A71ED7422AFC1CB200680632 = {
			isa = PBXGroup;
			children = (
				A71ED74D2AFC1CB200680632 /* DogWeLove */,
				A71ED75E2AFC1CB300680632 /* DogWeLoveTests */,
				A71ED74C2AFC1CB200680632 /* Products */,
			);
			sourceTree = "<group>";
		};
		A71ED74C2AFC1CB200680632 /* Products */ = {
			isa = PBXGroup;
			children = (
				A71ED74B2AFC1CB200680632 /* DogsWeLove.app */,
				A71ED75B2AFC1CB300680632 /* DogsWeLoveTests.xctest */,
				A71ED7652AFC1CB300680632 /* DogsWeLoveUITests.xctest */,
			);
			name = Products;
			sourceTree = "<group>";
		};
		A71ED74D2AFC1CB200680632 /* DogWeLove */ = {
			isa = PBXGroup;
			children = (
				A71ED7822AFCF95400680632 /* Network */,
				A71ED77B2AFC3EB800680632 /* Model */,
				A71ED7782AFC24BE00680632 /* Views */,
				A71ED74E2AFC1CB200680632 /* DogWeLoveApp.swift */,
				A71ED7502AFC1CB200680632 /* ContentView.swift */,
				A71ED7522AFC1CB300680632 /* Assets.xcassets */,
				A71ED7542AFC1CB300680632 /* Preview Content */,
			);
			path = DogWeLove;
			sourceTree = "<group>";
		};
		A71ED7542AFC1CB300680632 /* Preview Content */ = {
			isa = PBXGroup;
			children = (
				A71ED7552AFC1CB300680632 /* Preview Assets.xcassets */,
			);
			path = "Preview Content";
			sourceTree = "<group>";
		};
		A71ED75E2AFC1CB300680632 /* DogWeLoveTests */ = {
			isa = PBXGroup;
			children = (
				A71ED75F2AFC1CB300680632 /* DogWeLoveTests.swift */,
			);
			path = DogWeLoveTests;
			sourceTree = "<group>";
		};
		A71ED7782AFC24BE00680632 /* Views */ = {
			isa = PBXGroup;
			children = (
				A71ED7792AFC24F900680632 /* DogCell.swift */,
				A71ED77E2AFCDB3700680632 /* DogList.swift */,
				A71ED7802AFCF50D00680632 /* DogDetail.swift */,
			);
			path = Views;
			sourceTree = "<group>";
		};
		A71ED77B2AFC3EB800680632 /* Model */ = {
			isa = PBXGroup;
			children = (
				A71ED7882AFD06C700680632 /* CoreData */,
				A71ED77C2AFC3EC300680632 /* DogData.swift */,
			);
			path = Model;
			sourceTree = "<group>";
		};
		A71ED7822AFCF95400680632 /* Network */ = {
			isa = PBXGroup;
			children = (
				A71ED7832AFCF9CB00680632 /* APIManager.swift */,
			);
			path = Network;
			sourceTree = "<group>";
		};
		A71ED7882AFD06C700680632 /* CoreData */ = {
			isa = PBXGroup;
			children = (
				A71ED7852AFD06B500680632 /* Dogs.xcdatamodeld */,
				A796B9CD2AFE446D00FDD15F /* DataManager.swift */,
				A796B9CF2AFE490B00FDD15F /* Helpers.swift */,
			);
			path = CoreData;
			sourceTree = "<group>";
		};
/* End PBXGroup section */

/* Begin PBXNativeTarget section */
		A71ED74A2AFC1CB200680632 /* DogsWeLove */ = {
			isa = PBXNativeTarget;
			buildConfigurationList = A71ED76F2AFC1CB300680632 /* Build configuration list for PBXNativeTarget "DogsWeLove" */;
			buildPhases = (
				A71ED7472AFC1CB200680632 /* Sources */,
				A71ED7482AFC1CB200680632 /* Frameworks */,
				A71ED7492AFC1CB200680632 /* Resources */,
			);
			buildRules = (
			);
			dependencies = (
			);
			name = DogsWeLove;
			productName = DogWeLove;
			productReference = A71ED74B2AFC1CB200680632 /* DogsWeLove.app */;
			productType = "com.apple.product-type.application";
		};
		A71ED75A2AFC1CB300680632 /* DogsWeLoveTests */ = {
			isa = PBXNativeTarget;
			buildConfigurationList = A71ED7722AFC1CB300680632 /* Build configuration list for PBXNativeTarget "DogsWeLoveTests" */;
			buildPhases = (
				A71ED7572AFC1CB300680632 /* Sources */,
				A71ED7582AFC1CB300680632 /* Frameworks */,
				A71ED7592AFC1CB300680632 /* Resources */,
			);
			buildRules = (
			);
			dependencies = (
				A71ED75D2AFC1CB300680632 /* PBXTargetDependency */,
			);
			name = DogsWeLoveTests;
			productName = DogWeLoveTests;
			productReference = A71ED75B2AFC1CB300680632 /* DogsWeLoveTests.xctest */;
			productType = "com.apple.product-type.bundle.unit-test";
		};
		A71ED7642AFC1CB300680632 /* DogsWeLoveUITests */ = {
			isa = PBXNativeTarget;
			buildConfigurationList = A71ED7752AFC1CB300680632 /* Build configuration list for PBXNativeTarget "DogsWeLoveUITests" */;
			buildPhases = (
				A71ED7612AFC1CB300680632 /* Sources */,
				A71ED7622AFC1CB300680632 /* Frameworks */,
				A71ED7632AFC1CB300680632 /* Resources */,
			);
			buildRules = (
			);
			dependencies = (
				A71ED7672AFC1CB300680632 /* PBXTargetDependency */,
			);
			name = DogsWeLoveUITests;
			productName = DogWeLoveUITests;
			productReference = A71ED7652AFC1CB300680632 /* DogsWeLoveUITests.xctest */;
			productType = "com.apple.product-type.bundle.ui-testing";
		};
/* End PBXNativeTarget section */

/* Begin PBXProject section */
		A71ED7432AFC1CB200680632 /* Project object */ = {
			isa = PBXProject;
			attributes = {
				BuildIndependentTargetsInParallel = 1;
				LastSwiftUpdateCheck = 1500;
				LastUpgradeCheck = 1500;
				TargetAttributes = {
					A71ED74A2AFC1CB200680632 = {
						CreatedOnToolsVersion = 15.0;
					};
					A71ED75A2AFC1CB300680632 = {
						CreatedOnToolsVersion = 15.0;
						TestTargetID = A71ED74A2AFC1CB200680632;
					};
					A71ED7642AFC1CB300680632 = {
						CreatedOnToolsVersion = 15.0;
						TestTargetID = A71ED74A2AFC1CB200680632;
					};
				};
			};
			buildConfigurationList = A71ED7462AFC1CB200680632 /* Build configuration list for PBXProject "DogsWeLove" */;
			compatibilityVersion = "Xcode 14.0";
			developmentRegion = en;
			hasScannedForEncodings = 0;
			knownRegions = (
				en,
				Base,
			);
			mainGroup = A71ED7422AFC1CB200680632;
			productRefGroup = A71ED74C2AFC1CB200680632 /* Products */;
			projectDirPath = "";
			projectRoot = "";
			targets = (
				A71ED74A2AFC1CB200680632 /* DogsWeLove */,
				A71ED75A2AFC1CB300680632 /* DogsWeLoveTests */,
				A71ED7642AFC1CB300680632 /* DogsWeLoveUITests */,
			);
		};
/* End PBXProject section */

/* Begin PBXResourcesBuildPhase section */
		A71ED7492AFC1CB200680632 /* Resources */ = {
			isa = PBXResourcesBuildPhase;
			buildActionMask = 2147483647;
			files = (
				A71ED7562AFC1CB300680632 /* Preview Assets.xcassets in Resources */,
				A71ED7532AFC1CB300680632 /* Assets.xcassets in Resources */,
			);
			runOnlyForDeploymentPostprocessing = 0;
		};
		A71ED7592AFC1CB300680632 /* Resources */ = {
			isa = PBXResourcesBuildPhase;
			buildActionMask = 2147483647;
			files = (
			);
			runOnlyForDeploymentPostprocessing = 0;
		};
		A71ED7632AFC1CB300680632 /* Resources */ = {
			isa = PBXResourcesBuildPhase;
			buildActionMask = 2147483647;
			files = (
			);
			runOnlyForDeploymentPostprocessing = 0;
		};
/* End PBXResourcesBuildPhase section */

/* Begin PBXSourcesBuildPhase section */
		A71ED7472AFC1CB200680632 /* Sources */ = {
			isa = PBXSourcesBuildPhase;
			buildActionMask = 2147483647;
			files = (
				A71ED77F2AFCDB3700680632 /* DogList.swift in Sources */,
				A71ED7812AFCF50D00680632 /* DogDetail.swift in Sources */,
				A71ED7512AFC1CB200680632 /* ContentView.swift in Sources */,
				A796B9D02AFE490B00FDD15F /* Helpers.swift in Sources */,
				A71ED74F2AFC1CB200680632 /* DogWeLoveApp.swift in Sources */,
				A71ED77D2AFC3EC300680632 /* DogData.swift in Sources */,
				A71ED77A2AFC24F900680632 /* DogCell.swift in Sources */,
				A71ED7872AFD06B500680632 /* Dogs.xcdatamodeld in Sources */,
				A796B9CE2AFE446D00FDD15F /* DataManager.swift in Sources */,
				A71ED7842AFCF9CB00680632 /* APIManager.swift in Sources */,
			);
			runOnlyForDeploymentPostprocessing = 0;
		};
		A71ED7572AFC1CB300680632 /* Sources */ = {
			isa = PBXSourcesBuildPhase;
			buildActionMask = 2147483647;
			files = (
				A71ED7602AFC1CB300680632 /* DogWeLoveTests.swift in Sources */,
			);
			runOnlyForDeploymentPostprocessing = 0;
		};
		A71ED7612AFC1CB300680632 /* Sources */ = {
			isa = PBXSourcesBuildPhase;
			buildActionMask = 2147483647;
			files = (
			);
			runOnlyForDeploymentPostprocessing = 0;
		};
/* End PBXSourcesBuildPhase section */

/* Begin PBXTargetDependency section */
		A71ED75D2AFC1CB300680632 /* PBXTargetDependency */ = {
			isa = PBXTargetDependency;
			target = A71ED74A2AFC1CB200680632 /* DogsWeLove */;
			targetProxy = A71ED75C2AFC1CB300680632 /* PBXContainerItemProxy */;
		};
		A71ED7672AFC1CB300680632 /* PBXTargetDependency */ = {
			isa = PBXTargetDependency;
			target = A71ED74A2AFC1CB200680632 /* DogsWeLove */;
			targetProxy = A71ED7662AFC1CB300680632 /* PBXContainerItemProxy */;
		};
/* End PBXTargetDependency section */

/* Begin XCBuildConfiguration section */
		A71ED76D2AFC1CB300680632 /* Debug */ = {
			isa = XCBuildConfiguration;
			buildSettings = {
				ALWAYS_SEARCH_USER_PATHS = NO;
				ASSETCATALOG_COMPILER_GENERATE_SWIFT_ASSET_SYMBOL_EXTENSIONS = YES;
				CLANG_ANALYZER_NONNULL = YES;
				CLANG_ANALYZER_NUMBER_OBJECT_CONVERSION = YES_AGGRESSIVE;
				CLANG_CXX_LANGUAGE_STANDARD = "gnu++20";
				CLANG_ENABLE_MODULES = YES;
				CLANG_ENABLE_OBJC_ARC = YES;
				CLANG_ENABLE_OBJC_WEAK = YES;
				CLANG_WARN_BLOCK_CAPTURE_AUTORELEASING = YES;
				CLANG_WARN_BOOL_CONVERSION = YES;
				CLANG_WARN_COMMA = YES;
				CLANG_WARN_CONSTANT_CONVERSION = YES;
				CLANG_WARN_DEPRECATED_OBJC_IMPLEMENTATIONS = YES;
				CLANG_WARN_DIRECT_OBJC_ISA_USAGE = YES_ERROR;
				CLANG_WARN_DOCUMENTATION_COMMENTS = YES;
				CLANG_WARN_EMPTY_BODY = YES;
				CLANG_WARN_ENUM_CONVERSION = YES;
				CLANG_WARN_INFINITE_RECURSION = YES;
				CLANG_WARN_INT_CONVERSION = YES;
				CLANG_WARN_NON_LITERAL_NULL_CONVERSION = YES;
				CLANG_WARN_OBJC_IMPLICIT_RETAIN_SELF = YES;
				CLANG_WARN_OBJC_LITERAL_CONVERSION = YES;
				CLANG_WARN_OBJC_ROOT_CLASS = YES_ERROR;
				CLANG_WARN_QUOTED_INCLUDE_IN_FRAMEWORK_HEADER = YES;
				CLANG_WARN_RANGE_LOOP_ANALYSIS = YES;
				CLANG_WARN_STRICT_PROTOTYPES = YES;
				CLANG_WARN_SUSPICIOUS_MOVE = YES;
				CLANG_WARN_UNGUARDED_AVAILABILITY = YES_AGGRESSIVE;
				CLANG_WARN_UNREACHABLE_CODE = YES;
				CLANG_WARN__DUPLICATE_METHOD_MATCH = YES;
				COPY_PHASE_STRIP = NO;
				DEBUG_INFORMATION_FORMAT = dwarf;
				ENABLE_STRICT_OBJC_MSGSEND = YES;
				ENABLE_TESTABILITY = YES;
				ENABLE_USER_SCRIPT_SANDBOXING = YES;
				GCC_C_LANGUAGE_STANDARD = gnu17;
				GCC_DYNAMIC_NO_PIC = NO;
				GCC_NO_COMMON_BLOCKS = YES;
				GCC_OPTIMIZATION_LEVEL = 0;
				GCC_PREPROCESSOR_DEFINITIONS = (
					"DEBUG=1",
					"$(inherited)",
				);
				GCC_WARN_64_TO_32_BIT_CONVERSION = YES;
				GCC_WARN_ABOUT_RETURN_TYPE = YES_ERROR;
				GCC_WARN_UNDECLARED_SELECTOR = YES;
				GCC_WARN_UNINITIALIZED_AUTOS = YES_AGGRESSIVE;
				GCC_WARN_UNUSED_FUNCTION = YES;
				GCC_WARN_UNUSED_VARIABLE = YES;
				IPHONEOS_DEPLOYMENT_TARGET = 15.0;
				LOCALIZATION_PREFERS_STRING_CATALOGS = YES;
				MTL_ENABLE_DEBUG_INFO = INCLUDE_SOURCE;
				MTL_FAST_MATH = YES;
				ONLY_ACTIVE_ARCH = YES;
				SDKROOT = iphoneos;
				SWIFT_ACTIVE_COMPILATION_CONDITIONS = "DEBUG $(inherited)";
				SWIFT_OPTIMIZATION_LEVEL = "-Onone";
			};
			name = Debug;
		};
		A71ED76E2AFC1CB300680632 /* Release */ = {
			isa = XCBuildConfiguration;
			buildSettings = {
				ALWAYS_SEARCH_USER_PATHS = NO;
				ASSETCATALOG_COMPILER_GENERATE_SWIFT_ASSET_SYMBOL_EXTENSIONS = YES;
				CLANG_ANALYZER_NONNULL = YES;
				CLANG_ANALYZER_NUMBER_OBJECT_CONVERSION = YES_AGGRESSIVE;
				CLANG_CXX_LANGUAGE_STANDARD = "gnu++20";
				CLANG_ENABLE_MODULES = YES;
				CLANG_ENABLE_OBJC_ARC = YES;
				CLANG_ENABLE_OBJC_WEAK = YES;
				CLANG_WARN_BLOCK_CAPTURE_AUTORELEASING = YES;
				CLANG_WARN_BOOL_CONVERSION = YES;
				CLANG_WARN_COMMA = YES;
				CLANG_WARN_CONSTANT_CONVERSION = YES;
				CLANG_WARN_DEPRECATED_OBJC_IMPLEMENTATIONS = YES;
				CLANG_WARN_DIRECT_OBJC_ISA_USAGE = YES_ERROR;
				CLANG_WARN_DOCUMENTATION_COMMENTS = YES;
				CLANG_WARN_EMPTY_BODY = YES;
				CLANG_WARN_ENUM_CONVERSION = YES;
				CLANG_WARN_INFINITE_RECURSION = YES;
				CLANG_WARN_INT_CONVERSION = YES;
				CLANG_WARN_NON_LITERAL_NULL_CONVERSION = YES;
				CLANG_WARN_OBJC_IMPLICIT_RETAIN_SELF = YES;
				CLANG_WARN_OBJC_LITERAL_CONVERSION = YES;
				CLANG_WARN_OBJC_ROOT_CLASS = YES_ERROR;
				CLANG_WARN_QUOTED_INCLUDE_IN_FRAMEWORK_HEADER = YES;
				CLANG_WARN_RANGE_LOOP_ANALYSIS = YES;
				CLANG_WARN_STRICT_PROTOTYPES = YES;
				CLANG_WARN_SUSPICIOUS_MOVE = YES;
				CLANG_WARN_UNGUARDED_AVAILABILITY = YES_AGGRESSIVE;
				CLANG_WARN_UNREACHABLE_CODE = YES;
				CLANG_WARN__DUPLICATE_METHOD_MATCH = YES;
				COPY_PHASE_STRIP = NO;
				DEBUG_INFORMATION_FORMAT = "dwarf-with-dsym";
				ENABLE_NS_ASSERTIONS = NO;
				ENABLE_STRICT_OBJC_MSGSEND = YES;
				ENABLE_USER_SCRIPT_SANDBOXING = YES;
				GCC_C_LANGUAGE_STANDARD = gnu17;
				GCC_NO_COMMON_BLOCKS = YES;
				GCC_WARN_64_TO_32_BIT_CONVERSION = YES;
				GCC_WARN_ABOUT_RETURN_TYPE = YES_ERROR;
				GCC_WARN_UNDECLARED_SELECTOR = YES;
				GCC_WARN_UNINITIALIZED_AUTOS = YES_AGGRESSIVE;
				GCC_WARN_UNUSED_FUNCTION = YES;
				GCC_WARN_UNUSED_VARIABLE = YES;
				IPHONEOS_DEPLOYMENT_TARGET = 15.0;
				LOCALIZATION_PREFERS_STRING_CATALOGS = YES;
				MTL_ENABLE_DEBUG_INFO = NO;
				MTL_FAST_MATH = YES;
				SDKROOT = iphoneos;
				SWIFT_COMPILATION_MODE = wholemodule;
				VALIDATE_PRODUCT = YES;
			};
			name = Release;
		};
		A71ED7702AFC1CB300680632 /* Debug */ = {
			isa = XCBuildConfiguration;
			buildSettings = {
				ASSETCATALOG_COMPILER_APPICON_NAME = AppIcon;
				ASSETCATALOG_COMPILER_GLOBAL_ACCENT_COLOR_NAME = AccentColor;
				CODE_SIGN_STYLE = Automatic;
				CURRENT_PROJECT_VERSION = 1;
				DEVELOPMENT_ASSET_PATHS = "\"DogWeLove/Preview Content\"";
				DEVELOPMENT_TEAM = N2TY84H7TW;
				ENABLE_PREVIEWS = YES;
				GENERATE_INFOPLIST_FILE = YES;
				INFOPLIST_KEY_UIApplicationSceneManifest_Generation = YES;
				INFOPLIST_KEY_UIApplicationSupportsIndirectInputEvents = YES;
				INFOPLIST_KEY_UILaunchScreen_Generation = YES;
				INFOPLIST_KEY_UISupportedInterfaceOrientations = UIInterfaceOrientationPortrait;
				INFOPLIST_KEY_UISupportedInterfaceOrientations_iPad = "UIInterfaceOrientationLandscapeLeft UIInterfaceOrientationLandscapeRight UIInterfaceOrientationPortrait UIInterfaceOrientationPortraitUpsideDown";
				IPHONEOS_DEPLOYMENT_TARGET = 15.0;
				LD_RUNPATH_SEARCH_PATHS = (
					"$(inherited)",
					"@executable_path/Frameworks",
				);
				MARKETING_VERSION = 1.0;
				PRODUCT_BUNDLE_IDENTIFIER = com.leonardoiquintero.DogWeLove;
				PRODUCT_NAME = "$(TARGET_NAME)";
				SWIFT_EMIT_LOC_STRINGS = YES;
				SWIFT_VERSION = 5.0;
				TARGETED_DEVICE_FAMILY = "1,2";
			};
			name = Debug;
		};
		A71ED7712AFC1CB300680632 /* Release */ = {
			isa = XCBuildConfiguration;
			buildSettings = {
				ASSETCATALOG_COMPILER_APPICON_NAME = AppIcon;
				ASSETCATALOG_COMPILER_GLOBAL_ACCENT_COLOR_NAME = AccentColor;
				CODE_SIGN_STYLE = Automatic;
				CURRENT_PROJECT_VERSION = 1;
				DEVELOPMENT_ASSET_PATHS = "\"DogWeLove/Preview Content\"";
				DEVELOPMENT_TEAM = N2TY84H7TW;
				ENABLE_PREVIEWS = YES;
				GENERATE_INFOPLIST_FILE = YES;
				INFOPLIST_KEY_UIApplicationSceneManifest_Generation = YES;
				INFOPLIST_KEY_UIApplicationSupportsIndirectInputEvents = YES;
				INFOPLIST_KEY_UILaunchScreen_Generation = YES;
				INFOPLIST_KEY_UISupportedInterfaceOrientations = UIInterfaceOrientationPortrait;
				INFOPLIST_KEY_UISupportedInterfaceOrientations_iPad = "UIInterfaceOrientationLandscapeLeft UIInterfaceOrientationLandscapeRight UIInterfaceOrientationPortrait UIInterfaceOrientationPortraitUpsideDown";
				IPHONEOS_DEPLOYMENT_TARGET = 15.0;
				LD_RUNPATH_SEARCH_PATHS = (
					"$(inherited)",
					"@executable_path/Frameworks",
				);
				MARKETING_VERSION = 1.0;
				PRODUCT_BUNDLE_IDENTIFIER = com.leonardoiquintero.DogWeLove;
				PRODUCT_NAME = "$(TARGET_NAME)";
				SWIFT_EMIT_LOC_STRINGS = YES;
				SWIFT_VERSION = 5.0;
				TARGETED_DEVICE_FAMILY = "1,2";
			};
			name = Release;
		};
		A71ED7732AFC1CB300680632 /* Debug */ = {
			isa = XCBuildConfiguration;
			buildSettings = {
				ALWAYS_EMBED_SWIFT_STANDARD_LIBRARIES = YES;
				BUNDLE_LOADER = "$(TEST_HOST)";
				CODE_SIGN_STYLE = Automatic;
				CURRENT_PROJECT_VERSION = 1;
				DEVELOPMENT_TEAM = N2TY84H7TW;
				GENERATE_INFOPLIST_FILE = YES;
				IPHONEOS_DEPLOYMENT_TARGET = 15.0;
				MARKETING_VERSION = 1.0;
				PRODUCT_BUNDLE_IDENTIFIER = com.leonardoiquintero.DogWeLoveTests;
				PRODUCT_NAME = "$(TARGET_NAME)";
				SWIFT_EMIT_LOC_STRINGS = NO;
				SWIFT_VERSION = 5.0;
				TARGETED_DEVICE_FAMILY = "1,2";
				TEST_HOST = "$(BUILT_PRODUCTS_DIR)/DogsWeLove.app/$(BUNDLE_EXECUTABLE_FOLDER_PATH)/DogsWeLove";
			};
			name = Debug;
		};
		A71ED7742AFC1CB300680632 /* Release */ = {
			isa = XCBuildConfiguration;
			buildSettings = {
				ALWAYS_EMBED_SWIFT_STANDARD_LIBRARIES = YES;
				BUNDLE_LOADER = "$(TEST_HOST)";
				CODE_SIGN_STYLE = Automatic;
				CURRENT_PROJECT_VERSION = 1;
				DEVELOPMENT_TEAM = N2TY84H7TW;
				GENERATE_INFOPLIST_FILE = YES;
				IPHONEOS_DEPLOYMENT_TARGET = 15.0;
				MARKETING_VERSION = 1.0;
				PRODUCT_BUNDLE_IDENTIFIER = com.leonardoiquintero.DogWeLoveTests;
				PRODUCT_NAME = "$(TARGET_NAME)";
				SWIFT_EMIT_LOC_STRINGS = NO;
				SWIFT_VERSION = 5.0;
				TARGETED_DEVICE_FAMILY = "1,2";
				TEST_HOST = "$(BUILT_PRODUCTS_DIR)/DogsWeLove.app/$(BUNDLE_EXECUTABLE_FOLDER_PATH)/DogsWeLove";
			};
			name = Release;
		};
		A71ED7762AFC1CB300680632 /* Debug */ = {
			isa = XCBuildConfiguration;
			buildSettings = {
				ALWAYS_EMBED_SWIFT_STANDARD_LIBRARIES = YES;
				CODE_SIGN_STYLE = Automatic;
				CURRENT_PROJECT_VERSION = 1;
				DEVELOPMENT_TEAM = N2TY84H7TW;
				GENERATE_INFOPLIST_FILE = YES;
				MARKETING_VERSION = 1.0;
				PRODUCT_BUNDLE_IDENTIFIER = com.leonardoiquintero.DogWeLoveUITests;
				PRODUCT_NAME = "$(TARGET_NAME)";
				SWIFT_EMIT_LOC_STRINGS = NO;
				SWIFT_VERSION = 5.0;
				TARGETED_DEVICE_FAMILY = "1,2";
				TEST_TARGET_NAME = DogWeLove;
			};
			name = Debug;
		};
		A71ED7772AFC1CB300680632 /* Release */ = {
			isa = XCBuildConfiguration;
			buildSettings = {
				ALWAYS_EMBED_SWIFT_STANDARD_LIBRARIES = YES;
				CODE_SIGN_STYLE = Automatic;
				CURRENT_PROJECT_VERSION = 1;
				DEVELOPMENT_TEAM = N2TY84H7TW;
				GENERATE_INFOPLIST_FILE = YES;
				MARKETING_VERSION = 1.0;
				PRODUCT_BUNDLE_IDENTIFIER = com.leonardoiquintero.DogWeLoveUITests;
				PRODUCT_NAME = "$(TARGET_NAME)";
				SWIFT_EMIT_LOC_STRINGS = NO;
				SWIFT_VERSION = 5.0;
				TARGETED_DEVICE_FAMILY = "1,2";
				TEST_TARGET_NAME = DogWeLove;
			};
			name = Release;
		};
/* End XCBuildConfiguration section */

/* Begin XCConfigurationList section */
		A71ED7462AFC1CB200680632 /* Build configuration list for PBXProject "DogsWeLove" */ = {
			isa = XCConfigurationList;
			buildConfigurations = (
				A71ED76D2AFC1CB300680632 /* Debug */,
				A71ED76E2AFC1CB300680632 /* Release */,
			);
			defaultConfigurationIsVisible = 0;
			defaultConfigurationName = Release;
		};
		A71ED76F2AFC1CB300680632 /* Build configuration list for PBXNativeTarget "DogsWeLove" */ = {
			isa = XCConfigurationList;
			buildConfigurations = (
				A71ED7702AFC1CB300680632 /* Debug */,
				A71ED7712AFC1CB300680632 /* Release */,
			);
			defaultConfigurationIsVisible = 0;
			defaultConfigurationName = Release;
		};
		A71ED7722AFC1CB300680632 /* Build configuration list for PBXNativeTarget "DogsWeLoveTests" */ = {
			isa = XCConfigurationList;
			buildConfigurations = (
				A71ED7732AFC1CB300680632 /* Debug */,
				A71ED7742AFC1CB300680632 /* Release */,
			);
			defaultConfigurationIsVisible = 0;
			defaultConfigurationName = Release;
		};
		A71ED7752AFC1CB300680632 /* Build configuration list for PBXNativeTarget "DogsWeLoveUITests" */ = {
			isa = XCConfigurationList;
			buildConfigurations = (
				A71ED7762AFC1CB300680632 /* Debug */,
				A71ED7772AFC1CB300680632 /* Release */,
			);
			defaultConfigurationIsVisible = 0;
			defaultConfigurationName = Release;
		};
/* End XCConfigurationList section */

/* Begin XCVersionGroup section */
		A71ED7852AFD06B500680632 /* Dogs.xcdatamodeld */ = {
			isa = XCVersionGroup;
			children = (
				A71ED7862AFD06B500680632 /* Dogs.xcdatamodel */,
			);
			currentVersion = A71ED7862AFD06B500680632 /* Dogs.xcdatamodel */;
			path = Dogs.xcdatamodeld;
			sourceTree = "<group>";
			versionGroupType = wrapper.xcdatamodel;
		};
/* End XCVersionGroup section */
	};
	rootObject = A71ED7432AFC1CB200680632 /* Project object */;
}
